
Microsoft Visual Studio Solution File, Format Version 12.00
# Visual Studio Version 17
VisualStudioVersion = 17.5.002.0
MinimumVisualStudioVersion = 10.0.40219.1
Project("{9A19103F-16F7-4668-BE54-9A1E7A4F7556}") = "task2File", "task2File.csproj", "{0B0B185B-CCEA-485A-83B2-24FA62F0610D}"
EndProject
Global
	GlobalSection(SolutionConfigurationPlatforms) = preSolution
		Debug|Any CPU = Debug|Any CPU
		Release|Any CPU = Release|Any CPU
	EndGlobalSection
	GlobalSection(ProjectConfigurationPlatforms) = postSolution
		{0B0B185B-CCEA-485A-83B2-24FA62F0610D}.Debug|Any CPU.ActiveCfg = Debug|Any CPU
		{0B0B185B-CCEA-485A-83B2-24FA62F0610D}.Debug|Any CPU.Build.0 = Debug|Any CPU
		{0B0B185B-CCEA-485A-83B2-24FA62F0610D}.Release|Any CPU.ActiveCfg = Release|Any CPU
		{0B0B185B-CCEA-485A-83B2-24FA62F0610D}.Release|Any CPU.Build.0 = Release|Any CPU
	EndGlobalSection
	GlobalSection(SolutionProperties) = preSolution
		HideSolutionNode = FALSE
	EndGlobalSection
	GlobalSection(ExtensibilityGlobals) = postSolution
		SolutionGuid = {7964E8E3-E249-4551-A4FA-9F60CB8EB51E}
	EndGlobalSection
EndGlobal
