
Microsoft Visual Studio Solution File, Format Version 12.00
# Visual Studio Version 17
VisualStudioVersion = 17.5.002.0
MinimumVisualStudioVersion = 10.0.40219.1
Project("{9A19103F-16F7-4668-BE54-9A1E7A4F7556}") = "task3File", "task3File.csproj", "{FA140913-4185-437D-B079-3D2F4C207A4A}"
EndProject
Global
	GlobalSection(SolutionConfigurationPlatforms) = preSolution
		Debug|Any CPU = Debug|Any CPU
		Release|Any CPU = Release|Any CPU
	EndGlobalSection
	GlobalSection(ProjectConfigurationPlatforms) = postSolution
		{FA140913-4185-437D-B079-3D2F4C207A4A}.Debug|Any CPU.ActiveCfg = Debug|Any CPU
		{FA140913-4185-437D-B079-3D2F4C207A4A}.Debug|Any CPU.Build.0 = Debug|Any CPU
		{FA140913-4185-437D-B079-3D2F4C207A4A}.Release|Any CPU.ActiveCfg = Release|Any CPU
		{FA140913-4185-437D-B079-3D2F4C207A4A}.Release|Any CPU.Build.0 = Release|Any CPU
	EndGlobalSection
	GlobalSection(SolutionProperties) = preSolution
		HideSolutionNode = FALSE
	EndGlobalSection
	GlobalSection(ExtensibilityGlobals) = postSolution
		SolutionGuid = {43B3E8CF-0510-432C-BA0D-002A9C10FB32}
	EndGlobalSection
EndGlobal
